
Microsoft Visual Studio Solution File, Format Version 12.00
# Visual Studio Version 17
VisualStudioVersion = 17.10.35027.167
MinimumVisualStudioVersion = 10.0.40219.1
Project("{FAE04EC0-301F-11D3-BF4B-00C04F79EFBC}") = "ShoppingMiddleware", "ShoppingMiddleware\ShoppingMiddleware.csproj", "{622418C3-5951-4C83-9C3E-9BD3B0341316}"
EndProject
Global
	GlobalSection(SolutionConfigurationPlatforms) = preSolution
		Debug|Any CPU = Debug|Any CPU
		Release|Any CPU = Release|Any CPU
	EndGlobalSection
	GlobalSection(ProjectConfigurationPlatforms) = postSolution
		{622418C3-5951-4C83-9C3E-9BD3B0341316}.Debug|Any CPU.ActiveCfg = Debug|Any CPU
		{622418C3-5951-4C83-9C3E-9BD3B0341316}.Debug|Any CPU.Build.0 = Debug|Any CPU
		{622418C3-5951-4C83-9C3E-9BD3B0341316}.Release|Any CPU.ActiveCfg = Release|Any CPU
		{622418C3-5951-4C83-9C3E-9BD3B0341316}.Release|Any CPU.Build.0 = Release|Any CPU
	EndGlobalSection
	GlobalSection(SolutionProperties) = preSolution
		HideSolutionNode = FALSE
	EndGlobalSection
	GlobalSection(ExtensibilityGlobals) = postSolution
		SolutionGuid = {FD7DADD6-CD22-4D57-983E-E884CDDECF79}
	EndGlobalSection
EndGlobal
